// !$*UTF8*$!
{
	archiveVersion = 1;
	classes = {
	};
	objectVersion = 77;
	objects = {

/* Begin PBXBuildFile section */
		01F6D03DCE0C4CDD8508F12F /* DocumentService.swift in Sources */ = {isa = PBXBuildFile; fileRef = C704F854A2194E81B2B5FBC7 /* DocumentService.swift */; };
		114468FFA21DF04B77FA77B5 /* Route.swift in Sources */ = {isa = PBXBuildFile; fileRef = EE561D81FD8DC74E416DECF0 /* Route.swift */; };
		19C94A57EB8B762A9017F885 /* MainTabView.swift in Sources */ = {isa = PBXBuildFile; fileRef = 51048DF13EB8B92E2F2E8FD5 /* MainTabView.swift */; };
		2180389B76D7E38E8023EE06 /* CreateMeetingView.swift in Sources */ = {isa = PBXBuildFile; fileRef = 0947B9A65E4A762CA700F9A3 /* CreateMeetingView.swift */; };
		3A9F0C7EE512242E7AB7A7CD /* CalendarDayView.swift in Sources */ = {isa = PBXBuildFile; fileRef = 2BE5CF21A8CE3480ACD6FDFC /* CalendarDayView.swift */; };
		4FF3971C647AACDA6B8FCDDA /* JoinOrganizationView.swift in Sources */ = {isa = PBXBuildFile; fileRef = 72D486B3EC9EF7F49EE99E1D /* JoinOrganizationView.swift */; };
		5CEA0EB028714E915A848A7A /* MemberListView.swift in Sources */ = {isa = PBXBuildFile; fileRef = 95FCB748FC7CC6B3DF1C96A7 /* MemberListView.swift */; };
		62E23F86D70C4E729D76F9B0 /* TaskService.swift in Sources */ = {isa = PBXBuildFile; fileRef = A7F83D71C850416BA0783B3E /* TaskService.swift */; };
		633A24C490F24DD7AE9C5906 /* CheckInButton.swift in Sources */ = {isa = PBXBuildFile; fileRef = 68C0DC6BA2EF4E9FBE2B1B3C /* CheckInButton.swift */; };
		64A9E9F5E1074727A8ADC8E7 /* MeetingDetailView.swift in Sources */ = {isa = PBXBuildFile; fileRef = FDD168239C8C453F80F5E79A /* MeetingDetailView.swift */; };
		67A160C44F91404DB80A05CD /* Secrets.swift in Sources */ = {isa = PBXBuildFile; fileRef = 944784FE7EA0442090E412D8 /* Secrets.swift */; };
		6B020339EF79B9AC50F77825 /* TaskListView.swift in Sources */ = {isa = PBXBuildFile; fileRef = 3021EFC79CEC231BC69F124A /* TaskListView.swift */; };
		8AA51AD698E6477D98B5C37D /* NameMatcher.swift in Sources */ = {isa = PBXBuildFile; fileRef = 51543D286E06437CA5D8C9B5 /* NameMatcher.swift */; };
		8D67F9A72F1947F700FAE479 /* Supabase in Frameworks */ = {isa = PBXBuildFile; productRef = 8D67F9A62F1947F700FAE479 /* Supabase */; };
		8D67F9AD2F19491200FAE479 /* User.swift in Sources */ = {isa = PBXBuildFile; fileRef = 8D67F9AB2F19491200FAE479 /* User.swift */; };
		8D67F9AE2F19491200FAE479 /* Meeting.swift in Sources */ = {isa = PBXBuildFile; fileRef = 8D67F9A82F19491200FAE479 /* Meeting.swift */; };
		8D67F9AF2F19491200FAE479 /* MeetingTask.swift in Sources */ = {isa = PBXBuildFile; fileRef = 8D67F9A92F19491200FAE479 /* MeetingTask.swift */; };
		8D67F9B02F19491200FAE479 /* Organization.swift in Sources */ = {isa = PBXBuildFile; fileRef = 8D67F9AA2F19491200FAE479 /* Organization.swift */; };
		8DBA77582F22AFD800C43859 /* OpenRouterConfig.swift in Sources */ = {isa = PBXBuildFile; fileRef = 8DBA77562F22AFD800C43859 /* OpenRouterConfig.swift */; };
		8DBA775A2F22AFF100C43859 /* AIService.swift in Sources */ = {isa = PBXBuildFile; fileRef = 8DBA77592F22AFF100C43859 /* AIService.swift */; };
		8DBA77602F22B37100C43859 /* MeetingState.swift in Sources */ = {isa = PBXBuildFile; fileRef = 8DBA775D2F22B37100C43859 /* MeetingState.swift */; };
		8DBA77612F22B37100C43859 /* OrganizationState.swift in Sources */ = {isa = PBXBuildFile; fileRef = 8DBA775E2F22B37100C43859 /* OrganizationState.swift */; };
		8DBD85A52F1877C7006D34D1 /* MeetingManagerApp.swift in Sources */ = {isa = PBXBuildFile; fileRef = A1000002000000000000001 /* MeetingManagerApp.swift */; };
		8DBD85A62F1877CB006D34D1 /* ContentView.swift in Sources */ = {isa = PBXBuildFile; fileRef = A1000003000000000000001 /* ContentView.swift */; };
		8DBD85A72F1877D4006D34D1 /* Assets.xcassets in Resources */ = {isa = PBXBuildFile; fileRef = A1000004000000000000001 /* Assets.xcassets */; };
		8DBD85AB2F1942E8006D34D1 /* SignupView.swift in Sources */ = {isa = PBXBuildFile; fileRef = 8DBD85AA2F1942E8006D34D1 /* SignupView.swift */; };
		8DBD85AC2F1942E8006D34D1 /* AuthContainerView.swift in Sources */ = {isa = PBXBuildFile; fileRef = 8DBD85A82F1942E8006D34D1 /* AuthContainerView.swift */; };
		8DBD85AD2F1942E8006D34D1 /* LoginView.swift in Sources */ = {isa = PBXBuildFile; fileRef = 8DBD85A92F1942E8006D34D1 /* LoginView.swift */; };
		8DBD85B12F194308006D34D1 /* KeychainManager.swift in Sources */ = {isa = PBXBuildFile; fileRef = 8DBD85AF2F194308006D34D1 /* KeychainManager.swift */; };
		8DBD85B22F194308006D34D1 /* SupabaseConfig.swift in Sources */ = {isa = PBXBuildFile; fileRef = 8DBD85B02F194308006D34D1 /* SupabaseConfig.swift */; };
		8DBD85B32F194308006D34D1 /* AuthService.swift in Sources */ = {isa = PBXBuildFile; fileRef = 8DBD85AE2F194308006D34D1 /* AuthService.swift */; };
		8DBD85C22F194308006D34D1 /* AuthState.swift in Sources */ = {isa = PBXBuildFile; fileRef = 8DBD85C12F194308006D34D1 /* AuthState.swift */; };
		8DBD85C32F194401006D34D1 /* OrganizationService.swift in Sources */ = {isa = PBXBuildFile; fileRef = 8DBD85C02F194401006D34D1 /* OrganizationService.swift */; };
		8DBD85C52F194403006D34D1 /* CreateOrganizationView.swift in Sources */ = {isa = PBXBuildFile; fileRef = 8DBD85C62F194403006D34D1 /* CreateOrganizationView.swift */; };
		A64D1ACA73C2415FBA95EFB7 /* DocumentPickerView.swift in Sources */ = {isa = PBXBuildFile; fileRef = CCD66591CAB246FC855B4E62 /* DocumentPickerView.swift */; };
		B4BFF6C78F3102EB5A37B8CE /* ProfileView.swift in Sources */ = {isa = PBXBuildFile; fileRef = 23A5891C151D84B5D38DA8D6 /* ProfileView.swift */; };
		BF37112BB7EB4003E99B6A7D /* ProcessingState.swift in Sources */ = {isa = PBXBuildFile; fileRef = 1351CC3356D5066E57BF94BD /* ProcessingState.swift */; };
		D253A8CE33A430AC9D379F2B /* AppCoordinator.swift in Sources */ = {isa = PBXBuildFile; fileRef = B582DFB2973FE41ABFDDBDF7 /* AppCoordinator.swift */; };
		DC33884453586499E28D853A /* OrganizationListView.swift in Sources */ = {isa = PBXBuildFile; fileRef = ACAA49D663290A25C8C46DD1 /* OrganizationListView.swift */; };
		DEFD0D9AAF704C909D51FBB4 /* TaskRowView.swift in Sources */ = {isa = PBXBuildFile; fileRef = 2D79DE5C986C4FB498777A60 /* TaskRowView.swift */; };
		E1B5F6C0B7263A4DF5E02E8F /* OrganizationDetailView.swift in Sources */ = {isa = PBXBuildFile; fileRef = 95749220EAF41B305883E0A2 /* OrganizationDetailView.swift */; };
		E9D4F8D09D9344D23720CDC6 /* CalendarView.swift in Sources */ = {isa = PBXBuildFile; fileRef = A32DC292E74D43DBE06FD5DD /* CalendarView.swift */; };
		F0B602655316EACB613D366E /* RootView.swift in Sources */ = {isa = PBXBuildFile; fileRef = C23F94C62A7268596F8DC2A6 /* RootView.swift */; };
		F5257161A38E9F0402DB2E94 /* MeetingService.swift in Sources */ = {isa = PBXBuildFile; fileRef = FA51400AE1FEEE97FE5BB0B0 /* MeetingService.swift */; };
		F826999FB4DC42ED94A30F6F /* MeetingListView.swift in Sources */ = {isa = PBXBuildFile; fileRef = AAAFC9BA99F84A7AA5ED16AB /* MeetingListView.swift */; };
/* End PBXBuildFile section */

/* Begin PBXFileReference section */
		0947B9A65E4A762CA700F9A3 /* CreateMeetingView.swift */ = {isa = PBXFileReference; includeInIndex = 1; lastKnownFileType = sourcecode.swift; path = CreateMeetingView.swift; sourceTree = "<group>"; };
		1351CC3356D5066E57BF94BD /* ProcessingState.swift */ = {isa = PBXFileReference; includeInIndex = 1; lastKnownFileType = sourcecode.swift; path = ProcessingState.swift; sourceTree = "<group>"; };
		1BECC8AA4CF04810ADBC6FF5 /* Secrets.example.swift */ = {isa = PBXFileReference; lastKnownFileType = sourcecode.swift; path = Secrets.example.swift; sourceTree = "<group>"; };
		23A5891C151D84B5D38DA8D6 /* ProfileView.swift */ = {isa = PBXFileReference; includeInIndex = 1; lastKnownFileType = sourcecode.swift; path = ProfileView.swift; sourceTree = "<group>"; };
		2BE5CF21A8CE3480ACD6FDFC /* CalendarDayView.swift */ = {isa = PBXFileReference; includeInIndex = 1; lastKnownFileType = sourcecode.swift; path = CalendarDayView.swift; sourceTree = "<group>"; };
		2D79DE5C986C4FB498777A60 /* TaskRowView.swift */ = {isa = PBXFileReference; lastKnownFileType = sourcecode.swift; path = TaskRowView.swift; sourceTree = "<group>"; };
		3021EFC79CEC231BC69F124A /* TaskListView.swift */ = {isa = PBXFileReference; includeInIndex = 1; lastKnownFileType = sourcecode.swift; name = TaskListView.swift; path = Task/TaskListView.swift; sourceTree = "<group>"; };
		51048DF13EB8B92E2F2E8FD5 /* MainTabView.swift */ = {isa = PBXFileReference; includeInIndex = 1; lastKnownFileType = sourcecode.swift; path = MainTabView.swift; sourceTree = "<group>"; };
		51543D286E06437CA5D8C9B5 /* NameMatcher.swift */ = {isa = PBXFileReference; lastKnownFileType = sourcecode.swift; path = NameMatcher.swift; sourceTree = "<group>"; };
		68C0DC6BA2EF4E9FBE2B1B3C /* CheckInButton.swift */ = {isa = PBXFileReference; includeInIndex = 1; lastKnownFileType = sourcecode.swift; path = CheckInButton.swift; sourceTree = "<group>"; };
		72D486B3EC9EF7F49EE99E1D /* JoinOrganizationView.swift */ = {isa = PBXFileReference; includeInIndex = 1; lastKnownFileType = sourcecode.swift; path = JoinOrganizationView.swift; sourceTree = "<group>"; };
		8D67F9A82F19491200FAE479 /* Meeting.swift */ = {isa = PBXFileReference; lastKnownFileType = sourcecode.swift; path = Meeting.swift; sourceTree = "<group>"; };
		8D67F9A92F19491200FAE479 /* MeetingTask.swift */ = {isa = PBXFileReference; lastKnownFileType = sourcecode.swift; path = MeetingTask.swift; sourceTree = "<group>"; };
		8D67F9AA2F19491200FAE479 /* Organization.swift */ = {isa = PBXFileReference; lastKnownFileType = sourcecode.swift; path = Organization.swift; sourceTree = "<group>"; };
		8D67F9AB2F19491200FAE479 /* User.swift */ = {isa = PBXFileReference; lastKnownFileType = sourcecode.swift; path = User.swift; sourceTree = "<group>"; };
		8DBA77562F22AFD800C43859 /* OpenRouterConfig.swift */ = {isa = PBXFileReference; lastKnownFileType = sourcecode.swift; path = OpenRouterConfig.swift; sourceTree = "<group>"; };
		8DBA77592F22AFF100C43859 /* AIService.swift */ = {isa = PBXFileReference; lastKnownFileType = sourcecode.swift; path = AIService.swift; sourceTree = "<group>"; };
		8DBA775D2F22B37100C43859 /* MeetingState.swift */ = {isa = PBXFileReference; lastKnownFileType = sourcecode.swift; path = MeetingState.swift; sourceTree = "<group>"; };
		8DBA775E2F22B37100C43859 /* OrganizationState.swift */ = {isa = PBXFileReference; lastKnownFileType = sourcecode.swift; path = OrganizationState.swift; sourceTree = "<group>"; };
		8DBD85A82F1942E8006D34D1 /* AuthContainerView.swift */ = {isa = PBXFileReference; lastKnownFileType = sourcecode.swift; path = AuthContainerView.swift; sourceTree = "<group>"; };
		8DBD85A92F1942E8006D34D1 /* LoginView.swift */ = {isa = PBXFileReference; lastKnownFileType = sourcecode.swift; path = LoginView.swift; sourceTree = "<group>"; };
		8DBD85AA2F1942E8006D34D1 /* SignupView.swift */ = {isa = PBXFileReference; lastKnownFileType = sourcecode.swift; path = SignupView.swift; sourceTree = "<group>"; };
		8DBD85AE2F194308006D34D1 /* AuthService.swift */ = {isa = PBXFileReference; lastKnownFileType = sourcecode.swift; path = AuthService.swift; sourceTree = "<group>"; };
		8DBD85AF2F194308006D34D1 /* KeychainManager.swift */ = {isa = PBXFileReference; lastKnownFileType = sourcecode.swift; path = KeychainManager.swift; sourceTree = "<group>"; };
		8DBD85B02F194308006D34D1 /* SupabaseConfig.swift */ = {isa = PBXFileReference; lastKnownFileType = sourcecode.swift; path = SupabaseConfig.swift; sourceTree = "<group>"; };
		8DBD85C02F194401006D34D1 /* OrganizationService.swift */ = {isa = PBXFileReference; lastKnownFileType = sourcecode.swift; path = OrganizationService.swift; sourceTree = "<group>"; };
		8DBD85C12F194308006D34D1 /* AuthState.swift */ = {isa = PBXFileReference; lastKnownFileType = sourcecode.swift; path = AuthState.swift; sourceTree = "<group>"; };
		8DBD85C62F194403006D34D1 /* CreateOrganizationView.swift */ = {isa = PBXFileReference; lastKnownFileType = sourcecode.swift; path = CreateOrganizationView.swift; sourceTree = "<group>"; };
		944784FE7EA0442090E412D8 /* Secrets.swift */ = {isa = PBXFileReference; lastKnownFileType = sourcecode.swift; path = Secrets.swift; sourceTree = "<group>"; };
		95749220EAF41B305883E0A2 /* OrganizationDetailView.swift */ = {isa = PBXFileReference; includeInIndex = 1; lastKnownFileType = sourcecode.swift; path = OrganizationDetailView.swift; sourceTree = "<group>"; };
		95FCB748FC7CC6B3DF1C96A7 /* MemberListView.swift */ = {isa = PBXFileReference; includeInIndex = 1; lastKnownFileType = sourcecode.swift; path = MemberListView.swift; sourceTree = "<group>"; };
		A1000001000000000000001 /* MeetingManager.app */ = {isa = PBXFileReference; explicitFileType = wrapper.application; includeInIndex = 0; path = MeetingManager.app; sourceTree = BUILT_PRODUCTS_DIR; };
		A1000002000000000000001 /* MeetingManagerApp.swift */ = {isa = PBXFileReference; lastKnownFileType = sourcecode.swift; path = MeetingManagerApp.swift; sourceTree = "<group>"; };
		A1000003000000000000001 /* ContentView.swift */ = {isa = PBXFileReference; lastKnownFileType = sourcecode.swift; path = ContentView.swift; sourceTree = "<group>"; };
		A1000004000000000000001 /* Assets.xcassets */ = {isa = PBXFileReference; lastKnownFileType = folder.assetcatalog; path = Assets.xcassets; sourceTree = "<group>"; };
		A32DC292E74D43DBE06FD5DD /* CalendarView.swift */ = {isa = PBXFileReference; includeInIndex = 1; lastKnownFileType = sourcecode.swift; path = CalendarView.swift; sourceTree = "<group>"; };
		A7F83D71C850416BA0783B3E /* TaskService.swift */ = {isa = PBXFileReference; lastKnownFileType = sourcecode.swift; path = TaskService.swift; sourceTree = "<group>"; };
		AAAFC9BA99F84A7AA5ED16AB /* MeetingListView.swift */ = {isa = PBXFileReference; includeInIndex = 1; lastKnownFileType = sourcecode.swift; path = MeetingListView.swift; sourceTree = "<group>"; };
		ACAA49D663290A25C8C46DD1 /* OrganizationListView.swift */ = {isa = PBXFileReference; includeInIndex = 1; lastKnownFileType = sourcecode.swift; path = OrganizationListView.swift; sourceTree = "<group>"; };
		B582DFB2973FE41ABFDDBDF7 /* AppCoordinator.swift */ = {isa = PBXFileReference; lastKnownFileType = sourcecode.swift; path = AppCoordinator.swift; sourceTree = "<group>"; };
		C23F94C62A7268596F8DC2A6 /* RootView.swift */ = {isa = PBXFileReference; lastKnownFileType = sourcecode.swift; path = RootView.swift; sourceTree = "<group>"; };
		C704F854A2194E81B2B5FBC7 /* DocumentService.swift */ = {isa = PBXFileReference; lastKnownFileType = sourcecode.swift; path = DocumentService.swift; sourceTree = "<group>"; };
		CCD66591CAB246FC855B4E62 /* DocumentPickerView.swift */ = {isa = PBXFileReference; lastKnownFileType = sourcecode.swift; path = DocumentPickerView.swift; sourceTree = "<group>"; };
		EE561D81FD8DC74E416DECF0 /* Route.swift */ = {isa = PBXFileReference; lastKnownFileType = sourcecode.swift; path = Route.swift; sourceTree = "<group>"; };
		FA51400AE1FEEE97FE5BB0B0 /* MeetingService.swift */ = {isa = PBXFileReference; includeInIndex = 1; lastKnownFileType = sourcecode.swift; path = MeetingService.swift; sourceTree = "<group>"; };
		FDD168239C8C453F80F5E79A /* MeetingDetailView.swift */ = {isa = PBXFileReference; includeInIndex = 1; lastKnownFileType = sourcecode.swift; path = MeetingDetailView.swift; sourceTree = "<group>"; };
/* End PBXFileReference section */

/* Begin PBXFrameworksBuildPhase section */
		A1000010000000000000001 /* Frameworks */ = {
			isa = PBXFrameworksBuildPhase;
			buildActionMask = 2147483647;
			files = (
				8D67F9A72F1947F700FAE479 /* Supabase in Frameworks */,
			);
			runOnlyForDeploymentPostprocessing = 0;
		};
/* End PBXFrameworksBuildPhase section */

/* Begin PBXGroup section */
		16526F6BB89E4A14B0EE9E79 /* Meeting */ = {
			isa = PBXGroup;
			children = (
				68C0DC6BA2EF4E9FBE2B1B3C /* CheckInButton.swift */,
				FDD168239C8C453F80F5E79A /* MeetingDetailView.swift */,
				AAAFC9BA99F84A7AA5ED16AB /* MeetingListView.swift */,
				0947B9A65E4A762CA700F9A3 /* CreateMeetingView.swift */,
				2D79DE5C986C4FB498777A60 /* TaskRowView.swift */,
			);
			path = Meeting;
			sourceTree = "<group>";
		};
		3AC87D47CBB841A988F98F6A /* Task */ = {
			isa = PBXGroup;
			children = (
				3021EFC79CEC231BC69F124A /* TaskListView.swift */,
			);
			name = Task;
			sourceTree = "<group>";
		};
		8D67F9AC2F19491200FAE479 /* Models */ = {
			isa = PBXGroup;
			children = (
				8D67F9A82F19491200FAE479 /* Meeting.swift */,
				8D67F9A92F19491200FAE479 /* MeetingTask.swift */,
				8D67F9AA2F19491200FAE479 /* Organization.swift */,
				8D67F9AB2F19491200FAE479 /* User.swift */,
				1351CC3356D5066E57BF94BD /* ProcessingState.swift */,
			);
			path = Models;
			sourceTree = "<group>";
		};
		8DBA77572F22AFD800C43859 /* Config */ = {
			isa = PBXGroup;
			children = (
				8DBA77562F22AFD800C43859 /* OpenRouterConfig.swift */,
			);
			name = Config;
			path = MeetingManager/Config;
			sourceTree = "<group>";
		};
		8DBA775F2F22B37100C43859 /* State */ = {
			isa = PBXGroup;
			children = (
				8DBA775D2F22B37100C43859 /* MeetingState.swift */,
				8DBA775E2F22B37100C43859 /* OrganizationState.swift */,
			);
			name = State;
			path = State;
			sourceTree = "<group>";
		};
		8DBD85B42F194400006D34D1 /* Auth */ = {
			isa = PBXGroup;
			children = (
				8DBD85AE2F194308006D34D1 /* AuthService.swift */,
				8DBD85C12F194308006D34D1 /* AuthState.swift */,
				8DBD85AF2F194308006D34D1 /* KeychainManager.swift */,
				8DBD85B02F194308006D34D1 /* SupabaseConfig.swift */,
				944784FE7EA0442090E412D8 /* Secrets.swift */,
				1BECC8AA4CF04810ADBC6FF5 /* Secrets.example.swift */,
			);
			path = Auth;
			sourceTree = "<group>";
		};
		8DBD85B52F194401006D34D1 /* Auth */ = {
			isa = PBXGroup;
			children = (
				8DBD85A82F1942E8006D34D1 /* AuthContainerView.swift */,
				8DBD85A92F1942E8006D34D1 /* LoginView.swift */,
				8DBD85AA2F1942E8006D34D1 /* SignupView.swift */,
			);
			path = Auth;
			sourceTree = "<group>";
		};
		8DBD85C42F194402006D34D1 /* Services */ = {
			isa = PBXGroup;
			children = (
				C704F854A2194E81B2B5FBC7 /* DocumentService.swift */,
				8DBA77592F22AFF100C43859 /* AIService.swift */,
				8DBD85C02F194401006D34D1 /* OrganizationService.swift */,
				FA51400AE1FEEE97FE5BB0B0 /* MeetingService.swift */,
				A7F83D71C850416BA0783B3E /* TaskService.swift */,
			);
			path = Services;
			sourceTree = "<group>";
		};
		8DBD85C72F194404006D34D1 /* Organization */ = {
			isa = PBXGroup;
			children = (
				8DBD85C62F194403006D34D1 /* CreateOrganizationView.swift */,
				ACAA49D663290A25C8C46DD1 /* OrganizationListView.swift */,
				95FCB748FC7CC6B3DF1C96A7 /* MemberListView.swift */,
				95749220EAF41B305883E0A2 /* OrganizationDetailView.swift */,
				72D486B3EC9EF7F49EE99E1D /* JoinOrganizationView.swift */,
			);
			path = Organization;
			sourceTree = "<group>";
		};
		A0C5A84E943BBA30217884FE /* Navigation */ = {
			isa = PBXGroup;
			children = (
				B582DFB2973FE41ABFDDBDF7 /* AppCoordinator.swift */,
				EE561D81FD8DC74E416DECF0 /* Route.swift */,
			);
			path = Navigation;
			sourceTree = "<group>";
		};
		A1000020000000000000001 = {
			isa = PBXGroup;
			children = (
				8DBA77572F22AFD800C43859 /* Config */,
				A1000021000000000000001 /* MeetingManager */,
				A1000022000000000000001 /* Products */,
			);
			sourceTree = "<group>";
		};
		A1000021000000000000001 /* MeetingManager */ = {
			isa = PBXGroup;
			children = (
				8D67F9AC2F19491200FAE479 /* Models */,
				8DBD85B42F194400006D34D1 /* Auth */,
				8DBD85C42F194402006D34D1 /* Services */,
				8DBA775F2F22B37100C43859 /* State */,
				AD183FCA94F44CD1B4076173 /* Utilities */,
				A1000002000000000000001 /* MeetingManagerApp.swift */,
				A1000003000000000000001 /* ContentView.swift */,
				A1000004000000000000001 /* Assets.xcassets */,
				A0C5A84E943BBA30217884FE /* Navigation */,
				E4D8353416E9E9075A524262 /* Views */,
			);
			path = MeetingManager;
			sourceTree = "<group>";
		};
		A1000022000000000000001 /* Products */ = {
			isa = PBXGroup;
			children = (
				A1000001000000000000001 /* MeetingManager.app */,
			);
			name = Products;
			sourceTree = "<group>";
		};
		A5575E0C94A541F58296F370 /* Document */ = {
			isa = PBXGroup;
			children = (
				CCD66591CAB246FC855B4E62 /* DocumentPickerView.swift */,
			);
			path = Document;
			sourceTree = "<group>";
		};
		AD183FCA94F44CD1B4076173 /* Utilities */ = {
			isa = PBXGroup;
			children = (
				51543D286E06437CA5D8C9B5 /* NameMatcher.swift */,
			);
			path = Utilities;
			sourceTree = "<group>";
		};
		D8D244F569BE8705A4692ACF /* Profile */ = {
			isa = PBXGroup;
			children = (
				23A5891C151D84B5D38DA8D6 /* ProfileView.swift */,
			);
			name = Profile;
			path = Profile;
			sourceTree = "<group>";
		};
		E4D8353416E9E9075A524262 /* Views */ = {
			isa = PBXGroup;
			children = (
				8DBD85B52F194401006D34D1 /* Auth */,
				8DBD85C72F194404006D34D1 /* Organization */,
				C23F94C62A7268596F8DC2A6 /* RootView.swift */,
				16526F6BB89E4A14B0EE9E79 /* Meeting */,
				A5575E0C94A541F58296F370 /* Document */,
				3AC87D47CBB841A988F98F6A /* Task */,
				E75C84DFA546EAD282BB564D /* Calendar */,
				51048DF13EB8B92E2F2E8FD5 /* MainTabView.swift */,
				D8D244F569BE8705A4692ACF /* Profile */,
			);
			path = Views;
			sourceTree = "<group>";
		};
		E75C84DFA546EAD282BB564D /* Calendar */ = {
			isa = PBXGroup;
			children = (
				A32DC292E74D43DBE06FD5DD /* CalendarView.swift */,
				2BE5CF21A8CE3480ACD6FDFC /* CalendarDayView.swift */,
			);
			name = Calendar;
			path = Calendar;
			sourceTree = "<group>";
		};
/* End PBXGroup section */

/* Begin PBXNativeTarget section */
		A1000030000000000000001 /* MeetingManager */ = {
			isa = PBXNativeTarget;
			buildConfigurationList = A1000031000000000000001 /* Build configuration list for PBXNativeTarget "MeetingManager" */;
			buildPhases = (
				A1000032000000000000001 /* Sources */,
				A1000010000000000000001 /* Frameworks */,
				A1000033000000000000001 /* Resources */,
			);
			buildRules = (
			);
			dependencies = (
			);
			name = MeetingManager;
			productName = MeetingManager;
			productReference = A1000001000000000000001 /* MeetingManager.app */;
			productType = "com.apple.product-type.application";
		};
/* End PBXNativeTarget section */

/* Begin PBXProject section */
		A1000040000000000000001 /* Project object */ = {
			isa = PBXProject;
			attributes = {
				BuildIndependentTargetsInParallel = 1;
				LastSwiftUpdateCheck = 1600;
				LastUpgradeCheck = 1600;
				TargetAttributes = {
					A1000030000000000000001 = {
						CreatedOnToolsVersion = 16.0;
					};
				};
			};
			buildConfigurationList = A1000041000000000000001 /* Build configuration list for PBXProject "MeetingManager" */;
			developmentRegion = en;
			hasScannedForEncodings = 0;
			knownRegions = (
				en,
				Base,
			);
			mainGroup = A1000020000000000000001;
			minimizedProjectReferenceProxies = 1;
			packageReferences = (
				8D67F9A52F1947F700FAE479 /* XCRemoteSwiftPackageReference "supabase-swift" */,
			);
			preferredProjectObjectVersion = 77;
			productRefGroup = A1000022000000000000001 /* Products */;
			projectDirPath = "";
			projectRoot = "";
			targets = (
				A1000030000000000000001 /* MeetingManager */,
			);
		};
/* End PBXProject section */

/* Begin PBXResourcesBuildPhase section */
		A1000033000000000000001 /* Resources */ = {
			isa = PBXResourcesBuildPhase;
			buildActionMask = 2147483647;
			files = (
				8DBD85A72F1877D4006D34D1 /* Assets.xcassets in Resources */,
			);
			runOnlyForDeploymentPostprocessing = 0;
		};
/* End PBXResourcesBuildPhase section */

/* Begin PBXSourcesBuildPhase section */
		A1000032000000000000001 /* Sources */ = {
			isa = PBXSourcesBuildPhase;
			buildActionMask = 2147483647;
			files = (
				A64D1ACA73C2415FBA95EFB7 /* DocumentPickerView.swift in Sources */,
				01F6D03DCE0C4CDD8508F12F /* DocumentService.swift in Sources */,
				8DBD85AB2F1942E8006D34D1 /* SignupView.swift in Sources */,
				8DBD85AC2F1942E8006D34D1 /* AuthContainerView.swift in Sources */,
				8DBD85AD2F1942E8006D34D1 /* LoginView.swift in Sources */,
				8D67F9AD2F19491200FAE479 /* User.swift in Sources */,
				8D67F9AE2F19491200FAE479 /* Meeting.swift in Sources */,
				8D67F9AF2F19491200FAE479 /* MeetingTask.swift in Sources */,
				8D67F9B02F19491200FAE479 /* Organization.swift in Sources */,
				8DBD85A62F1877CB006D34D1 /* ContentView.swift in Sources */,
				8DBD85A52F1877C7006D34D1 /* MeetingManagerApp.swift in Sources */,
				D253A8CE33A430AC9D379F2B /* AppCoordinator.swift in Sources */,
				8DBA77582F22AFD800C43859 /* OpenRouterConfig.swift in Sources */,
				8DBD85B12F194308006D34D1 /* KeychainManager.swift in Sources */,
				8DBD85B22F194308006D34D1 /* SupabaseConfig.swift in Sources */,
				8DBD85B32F194308006D34D1 /* AuthService.swift in Sources */,
				8DBD85C22F194308006D34D1 /* AuthState.swift in Sources */,
				8DBD85C32F194401006D34D1 /* OrganizationService.swift in Sources */,
				8DBD85C52F194403006D34D1 /* CreateOrganizationView.swift in Sources */,
				114468FFA21DF04B77FA77B5 /* Route.swift in Sources */,
				8DBA775A2F22AFF100C43859 /* AIService.swift in Sources */,
				F0B602655316EACB613D366E /* RootView.swift in Sources */,
				67A160C44F91404DB80A05CD /* Secrets.swift in Sources */,
				DC33884453586499E28D853A /* OrganizationListView.swift in Sources */,
				5CEA0EB028714E915A848A7A /* MemberListView.swift in Sources */,
				E1B5F6C0B7263A4DF5E02E8F /* OrganizationDetailView.swift in Sources */,
				4FF3971C647AACDA6B8FCDDA /* JoinOrganizationView.swift in Sources */,
				F5257161A38E9F0402DB2E94 /* MeetingService.swift in Sources */,
				2180389B76D7E38E8023EE06 /* CreateMeetingView.swift in Sources */,
				633A24C490F24DD7AE9C5906 /* CheckInButton.swift in Sources */,
				64A9E9F5E1074727A8ADC8E7 /* MeetingDetailView.swift in Sources */,
				F826999FB4DC42ED94A30F6F /* MeetingListView.swift in Sources */,
				8DBA77602F22B37100C43859 /* MeetingState.swift in Sources */,
				8DBA77612F22B37100C43859 /* OrganizationState.swift in Sources */,
				BF37112BB7EB4003E99B6A7D /* ProcessingState.swift in Sources */,
				62E23F86D70C4E729D76F9B0 /* TaskService.swift in Sources */,
				DEFD0D9AAF704C909D51FBB4 /* TaskRowView.swift in Sources */,
				8AA51AD698E6477D98B5C37D /* NameMatcher.swift in Sources */,
				6B020339EF79B9AC50F77825 /* TaskListView.swift in Sources */,
				E9D4F8D09D9344D23720CDC6 /* CalendarView.swift in Sources */,
				3A9F0C7EE512242E7AB7A7CD /* CalendarDayView.swift in Sources */,
				19C94A57EB8B762A9017F885 /* MainTabView.swift in Sources */,
				B4BFF6C78F3102EB5A37B8CE /* ProfileView.swift in Sources */,
			);
			runOnlyForDeploymentPostprocessing = 0;
		};
/* End PBXSourcesBuildPhase section */

/* Begin XCBuildConfiguration section */
		A1000050000000000000001 /* Debug */ = {
			isa = XCBuildConfiguration;
			buildSettings = {
				ALWAYS_SEARCH_USER_PATHS = NO;
				ASSETCATALOG_COMPILER_GENERATE_SWIFT_ASSET_SYMBOL_EXTENSIONS = YES;
				CLANG_ANALYZER_NONNULL = YES;
				CLANG_ANALYZER_NUMBER_OBJECT_CONVERSION = YES_AGGRESSIVE;
				CLANG_CXX_LANGUAGE_STANDARD = "gnu++20";
				CLANG_ENABLE_MODULES = YES;
				CLANG_ENABLE_OBJC_ARC = YES;
				CLANG_ENABLE_OBJC_WEAK = YES;
				CLANG_WARN_BLOCK_CAPTURE_AUTORELEASING = YES;
				CLANG_WARN_BOOL_CONVERSION = YES;
				CLANG_WARN_COMMA = YES;
				CLANG_WARN_CONSTANT_CONVERSION = YES;
				CLANG_WARN_DEPRECATED_OBJC_IMPLEMENTATIONS = YES;
				CLANG_WARN_DIRECT_OBJC_ISA_USAGE = YES_ERROR;
				CLANG_WARN_DOCUMENTATION_COMMENTS = YES;
				CLANG_WARN_EMPTY_BODY = YES;
				CLANG_WARN_ENUM_CONVERSION = YES;
				CLANG_WARN_INFINITE_RECURSION = YES;
				CLANG_WARN_INT_CONVERSION = YES;
				CLANG_WARN_NON_LITERAL_NULL_CONVERSION = YES;
				CLANG_WARN_OBJC_IMPLICIT_RETAIN_SELF = YES;
				CLANG_WARN_OBJC_LITERAL_CONVERSION = YES;
				CLANG_WARN_OBJC_ROOT_CLASS = YES_ERROR;
				CLANG_WARN_QUOTED_INCLUDE_IN_FRAMEWORK_HEADER = YES;
				CLANG_WARN_RANGE_LOOP_ANALYSIS = YES;
				CLANG_WARN_STRICT_PROTOTYPES = YES;
				CLANG_WARN_SUSPICIOUS_MOVE = YES;
				CLANG_WARN_UNGUARDED_AVAILABILITY = YES_AGGRESSIVE;
				CLANG_WARN_UNREACHABLE_CODE = YES;
				CLANG_WARN__DUPLICATE_METHOD_MATCH = YES;
				COPY_PHASE_STRIP = NO;
				DEBUG_INFORMATION_FORMAT = dwarf;
				ENABLE_STRICT_OBJC_MSGSEND = YES;
				ENABLE_TESTABILITY = YES;
				ENABLE_USER_SCRIPT_SANDBOXING = YES;
				GCC_C_LANGUAGE_STANDARD = gnu17;
				GCC_DYNAMIC_NO_PIC = NO;
				GCC_NO_COMMON_BLOCKS = YES;
				GCC_OPTIMIZATION_LEVEL = 0;
				GCC_PREPROCESSOR_DEFINITIONS = (
					"DEBUG=1",
					"$(inherited)",
				);
				GCC_WARN_64_TO_32_BIT_CONVERSION = YES;
				GCC_WARN_ABOUT_RETURN_TYPE = YES_ERROR;
				GCC_WARN_UNDECLARED_SELECTOR = YES;
				GCC_WARN_UNINITIALIZED_AUTOS = YES_AGGRESSIVE;
				GCC_WARN_UNUSED_FUNCTION = YES;
				GCC_WARN_UNUSED_VARIABLE = YES;
				IPHONEOS_DEPLOYMENT_TARGET = 17.0;
				LOCALIZATION_PREFERS_STRING_CATALOGS = YES;
				MTL_ENABLE_DEBUG_INFO = INCLUDE_SOURCE;
				MTL_FAST_MATH = YES;
				ONLY_ACTIVE_ARCH = YES;
				SDKROOT = iphoneos;
				SWIFT_ACTIVE_COMPILATION_CONDITIONS = "DEBUG $(inherited)";
				SWIFT_OPTIMIZATION_LEVEL = "-Onone";
			};
			name = Debug;
		};
		A1000051000000000000001 /* Release */ = {
			isa = XCBuildConfiguration;
			buildSettings = {
				ALWAYS_SEARCH_USER_PATHS = NO;
				ASSETCATALOG_COMPILER_GENERATE_SWIFT_ASSET_SYMBOL_EXTENSIONS = YES;
				CLANG_ANALYZER_NONNULL = YES;
				CLANG_ANALYZER_NUMBER_OBJECT_CONVERSION = YES_AGGRESSIVE;
				CLANG_CXX_LANGUAGE_STANDARD = "gnu++20";
				CLANG_ENABLE_MODULES = YES;
				CLANG_ENABLE_OBJC_ARC = YES;
				CLANG_ENABLE_OBJC_WEAK = YES;
				CLANG_WARN_BLOCK_CAPTURE_AUTORELEASING = YES;
				CLANG_WARN_BOOL_CONVERSION = YES;
				CLANG_WARN_COMMA = YES;
				CLANG_WARN_CONSTANT_CONVERSION = YES;
				CLANG_WARN_DEPRECATED_OBJC_IMPLEMENTATIONS = YES;
				CLANG_WARN_DIRECT_OBJC_ISA_USAGE = YES_ERROR;
				CLANG_WARN_DOCUMENTATION_COMMENTS = YES;
				CLANG_WARN_EMPTY_BODY = YES;
				CLANG_WARN_ENUM_CONVERSION = YES;
				CLANG_WARN_INFINITE_RECURSION = YES;
				CLANG_WARN_INT_CONVERSION = YES;
				CLANG_WARN_NON_LITERAL_NULL_CONVERSION = YES;
				CLANG_WARN_OBJC_IMPLICIT_RETAIN_SELF = YES;
				CLANG_WARN_OBJC_LITERAL_CONVERSION = YES;
				CLANG_WARN_OBJC_ROOT_CLASS = YES_ERROR;
				CLANG_WARN_QUOTED_INCLUDE_IN_FRAMEWORK_HEADER = YES;
				CLANG_WARN_RANGE_LOOP_ANALYSIS = YES;
				CLANG_WARN_STRICT_PROTOTYPES = YES;
				CLANG_WARN_SUSPICIOUS_MOVE = YES;
				CLANG_WARN_UNGUARDED_AVAILABILITY = YES_AGGRESSIVE;
				CLANG_WARN_UNREACHABLE_CODE = YES;
				CLANG_WARN__DUPLICATE_METHOD_MATCH = YES;
				COPY_PHASE_STRIP = NO;
				DEBUG_INFORMATION_FORMAT = "dwarf-with-dsym";
				ENABLE_NS_ASSERTIONS = NO;
				ENABLE_STRICT_OBJC_MSGSEND = YES;
				ENABLE_USER_SCRIPT_SANDBOXING = YES;
				GCC_C_LANGUAGE_STANDARD = gnu17;
				GCC_NO_COMMON_BLOCKS = YES;
				GCC_WARN_64_TO_32_BIT_CONVERSION = YES;
				GCC_WARN_ABOUT_RETURN_TYPE = YES_ERROR;
				GCC_WARN_UNDECLARED_SELECTOR = YES;
				GCC_WARN_UNINITIALIZED_AUTOS = YES_AGGRESSIVE;
				GCC_WARN_UNUSED_FUNCTION = YES;
				GCC_WARN_UNUSED_VARIABLE = YES;
				IPHONEOS_DEPLOYMENT_TARGET = 17.0;
				LOCALIZATION_PREFERS_STRING_CATALOGS = YES;
				MTL_ENABLE_DEBUG_INFO = NO;
				MTL_FAST_MATH = YES;
				SDKROOT = iphoneos;
				SWIFT_COMPILATION_MODE = wholemodule;
				VALIDATE_PRODUCT = YES;
			};
			name = Release;
		};
		A1000052000000000000001 /* Debug */ = {
			isa = XCBuildConfiguration;
			buildSettings = {
				ASSETCATALOG_COMPILER_APPICON_NAME = AppIcon;
				ASSETCATALOG_COMPILER_GLOBAL_ACCENT_COLOR_NAME = AccentColor;
				CODE_SIGN_STYLE = Automatic;
				CURRENT_PROJECT_VERSION = 1;
				DEVELOPMENT_ASSET_PATHS = "";
				DEVELOPMENT_TEAM = WAQJRNFK2Z;
				ENABLE_PREVIEWS = YES;
				GENERATE_INFOPLIST_FILE = YES;
				INFOPLIST_KEY_UIApplicationSceneManifest_Generation = YES;
				INFOPLIST_KEY_UIApplicationSupportsIndirectInputEvents = YES;
				INFOPLIST_KEY_UILaunchScreen_Generation = YES;
				INFOPLIST_KEY_UISupportedInterfaceOrientations_iPad = "UIInterfaceOrientationPortrait UIInterfaceOrientationPortraitUpsideDown UIInterfaceOrientationLandscapeLeft UIInterfaceOrientationLandscapeRight";
				INFOPLIST_KEY_UISupportedInterfaceOrientations_iPhone = "UIInterfaceOrientationPortrait UIInterfaceOrientationLandscapeLeft UIInterfaceOrientationLandscapeRight";
				LD_RUNPATH_SEARCH_PATHS = (
					"$(inherited)",
					"@executable_path/Frameworks",
				);
				MARKETING_VERSION = 1.0;
				PRODUCT_BUNDLE_IDENTIFIER = com.meetingmanager.app;
				PRODUCT_NAME = "$(TARGET_NAME)";
				SWIFT_EMIT_LOC_STRINGS = YES;
				SWIFT_VERSION = 6.0;
				TARGETED_DEVICE_FAMILY = "1,2";
			};
			name = Debug;
		};
		A1000053000000000000001 /* Release */ = {
			isa = XCBuildConfiguration;
			buildSettings = {
				ASSETCATALOG_COMPILER_APPICON_NAME = AppIcon;
				ASSETCATALOG_COMPILER_GLOBAL_ACCENT_COLOR_NAME = AccentColor;
				CODE_SIGN_STYLE = Automatic;
				CURRENT_PROJECT_VERSION = 1;
				DEVELOPMENT_ASSET_PATHS = "";
				DEVELOPMENT_TEAM = WAQJRNFK2Z;
				ENABLE_PREVIEWS = YES;
				GENERATE_INFOPLIST_FILE = YES;
				INFOPLIST_KEY_UIApplicationSceneManifest_Generation = YES;
				INFOPLIST_KEY_UIApplicationSupportsIndirectInputEvents = YES;
				INFOPLIST_KEY_UILaunchScreen_Generation = YES;
				INFOPLIST_KEY_UISupportedInterfaceOrientations_iPad = "UIInterfaceOrientationPortrait UIInterfaceOrientationPortraitUpsideDown UIInterfaceOrientationLandscapeLeft UIInterfaceOrientationLandscapeRight";
				INFOPLIST_KEY_UISupportedInterfaceOrientations_iPhone = "UIInterfaceOrientationPortrait UIInterfaceOrientationLandscapeLeft UIInterfaceOrientationLandscapeRight";
				LD_RUNPATH_SEARCH_PATHS = (
					"$(inherited)",
					"@executable_path/Frameworks",
				);
				MARKETING_VERSION = 1.0;
				PRODUCT_BUNDLE_IDENTIFIER = com.meetingmanager.app;
				PRODUCT_NAME = "$(TARGET_NAME)";
				SWIFT_EMIT_LOC_STRINGS = YES;
				SWIFT_VERSION = 6.0;
				TARGETED_DEVICE_FAMILY = "1,2";
			};
			name = Release;
		};
/* End XCBuildConfiguration section */

/* Begin XCConfigurationList section */
		A1000031000000000000001 /* Build configuration list for PBXNativeTarget "MeetingManager" */ = {
			isa = XCConfigurationList;
			buildConfigurations = (
				A1000052000000000000001 /* Debug */,
				A1000053000000000000001 /* Release */,
			);
			defaultConfigurationIsVisible = 0;
			defaultConfigurationName = Release;
		};
		A1000041000000000000001 /* Build configuration list for PBXProject "MeetingManager" */ = {
			isa = XCConfigurationList;
			buildConfigurations = (
				A1000050000000000000001 /* Debug */,
				A1000051000000000000001 /* Release */,
			);
			defaultConfigurationIsVisible = 0;
			defaultConfigurationName = Release;
		};
/* End XCConfigurationList section */

/* Begin XCRemoteSwiftPackageReference section */
		8D67F9A52F1947F700FAE479 /* XCRemoteSwiftPackageReference "supabase-swift" */ = {
			isa = XCRemoteSwiftPackageReference;
			repositoryURL = "https://github.com/supabase/supabase-swift";
			requirement = {
				kind = upToNextMajorVersion;
				minimumVersion = 2.5.1;
			};
		};
/* End XCRemoteSwiftPackageReference section */

/* Begin XCSwiftPackageProductDependency section */
		8D67F9A62F1947F700FAE479 /* Supabase */ = {
			isa = XCSwiftPackageProductDependency;
			package = 8D67F9A52F1947F700FAE479 /* XCRemoteSwiftPackageReference "supabase-swift" */;
			productName = Supabase;
		};
/* End XCSwiftPackageProductDependency section */
	};
	rootObject = A1000040000000000000001 /* Project object */;
}
